// !$*UTF8*$!
{
	archiveVersion = 1;
	classes = {
	};
	objectVersion = 46;
	objects = {

/* Begin PBXBuildFile section */
		4F39767C1BFB8BAD006120B5 /* AppDelegate.m in Sources */ = {isa = PBXBuildFile; fileRef = 4FC5F5401BF10AFE0000642F /* AppDelegate.m */; };
		4F3976B11BFC26CA006120B5 /* GoogleMaps.bundle in Resources */ = {isa = PBXBuildFile; fileRef = 4FC5F5661BF10B690000642F /* GoogleMaps.bundle */; };
		4FC5F5441BF10AFE0000642F /* ViewController.m in Sources */ = {isa = PBXBuildFile; fileRef = 4FC5F5431BF10AFE0000642F /* ViewController.m */; settings = {COMPILER_FLAGS = "-fno-objc-arc"; }; };
		4FC5F5471BF10AFE0000642F /* Main.storyboard in Resources */ = {isa = PBXBuildFile; fileRef = 4FC5F5451BF10AFE0000642F /* Main.storyboard */; };
		4FC5F5491BF10AFE0000642F /* Assets.xcassets in Resources */ = {isa = PBXBuildFile; fileRef = 4FC5F5481BF10AFE0000642F /* Assets.xcassets */; };
		4FC5F54C1BF10AFE0000642F /* LaunchScreen.storyboard in Resources */ = {isa = PBXBuildFile; fileRef = 4FC5F54A1BF10AFE0000642F /* LaunchScreen.storyboard */; };
		4FC5F5651BF10B590000642F /* GoogleMaps.framework in Frameworks */ = {isa = PBXBuildFile; fileRef = 4FC5F5641BF10B590000642F /* GoogleMaps.framework */; };
		4FC5F5671BF10B690000642F /* GoogleMaps.bundle in Resources */ = {isa = PBXBuildFile; fileRef = 4FC5F5661BF10B690000642F /* GoogleMaps.bundle */; };
		4FC5F5781BF10BE50000642F /* Accelerate.framework in Frameworks */ = {isa = PBXBuildFile; fileRef = 4FC5F5681BF10BE50000642F /* Accelerate.framework */; };
		4FC5F5791BF10BE50000642F /* AVKit.framework in Frameworks */ = {isa = PBXBuildFile; fileRef = 4FC5F5691BF10BE50000642F /* AVKit.framework */; settings = {ATTRIBUTES = (Weak, ); }; };
		4FC5F57A1BF10BE50000642F /* CoreBluetooth.framework in Frameworks */ = {isa = PBXBuildFile; fileRef = 4FC5F56A1BF10BE50000642F /* CoreBluetooth.framework */; };
		4FC5F57B1BF10BE50000642F /* CoreData.framework in Frameworks */ = {isa = PBXBuildFile; fileRef = 4FC5F56B1BF10BE50000642F /* CoreData.framework */; };
		4FC5F57C1BF10BE50000642F /* CoreImage.framework in Frameworks */ = {isa = PBXBuildFile; fileRef = 4FC5F56C1BF10BE50000642F /* CoreImage.framework */; };
		4FC5F57D1BF10BE50000642F /* CoreLocation.framework in Frameworks */ = {isa = PBXBuildFile; fileRef = 4FC5F56D1BF10BE50000642F /* CoreLocation.framework */; };
		4FC5F57E1BF10BE50000642F /* GLKit.framework in Frameworks */ = {isa = PBXBuildFile; fileRef = 4FC5F56E1BF10BE50000642F /* GLKit.framework */; };
		4FC5F57F1BF10BE50000642F /* ImageIO.framework in Frameworks */ = {isa = PBXBuildFile; fileRef = 4FC5F56F1BF10BE50000642F /* ImageIO.framework */; };
		4FC5F5801BF10BE50000642F /* libarchive.tbd in Frameworks */ = {isa = PBXBuildFile; fileRef = 4FC5F5701BF10BE50000642F /* libarchive.tbd */; };
		4FC5F5811BF10BE50000642F /* libc++.tbd in Frameworks */ = {isa = PBXBuildFile; fileRef = 4FC5F5711BF10BE50000642F /* libc++.tbd */; };
		4FC5F5821BF10BE50000642F /* libicucore.tbd in Frameworks */ = {isa = PBXBuildFile; fileRef = 4FC5F5721BF10BE50000642F /* libicucore.tbd */; };
		4FC5F5831BF10BE50000642F /* libz.tbd in Frameworks */ = {isa = PBXBuildFile; fileRef = 4FC5F5731BF10BE50000642F /* libz.tbd */; };
		4FC5F5841BF10BE50000642F /* OpenGLES.framework in Frameworks */ = {isa = PBXBuildFile; fileRef = 4FC5F5741BF10BE50000642F /* OpenGLES.framework */; };
		4FC5F5851BF10BE50000642F /* QuartzCore.framework in Frameworks */ = {isa = PBXBuildFile; fileRef = 4FC5F5751BF10BE50000642F /* QuartzCore.framework */; };
		4FC5F5861BF10BE50000642F /* Security.framework in Frameworks */ = {isa = PBXBuildFile; fileRef = 4FC5F5761BF10BE50000642F /* Security.framework */; };
		4FC5F5871BF10BE50000642F /* SystemConfiguration.framework in Frameworks */ = {isa = PBXBuildFile; fileRef = 4FC5F5771BF10BE50000642F /* SystemConfiguration.framework */; };
		4FC5F5901BF1E7340000642F /* GooglePlaceObject.m in Sources */ = {isa = PBXBuildFile; fileRef = 4FC5F5621BF10B4D0000642F /* GooglePlaceObject.m */; };
		4FC5F5911BF1E73F0000642F /* PlaceDetailController.m in Sources */ = {isa = PBXBuildFile; fileRef = 4FC5F58E1BF1A3F50000642F /* PlaceDetailController.m */; };
		4FC5F5921BF1E7440000642F /* main.m in Sources */ = {isa = PBXBuildFile; fileRef = 4FC5F53D1BF10AFE0000642F /* main.m */; };
		4FFF93F71BFC3AE600FBC737 /* Accelerate.framework in Frameworks */ = {isa = PBXBuildFile; fileRef = 4FC5F5681BF10BE50000642F /* Accelerate.framework */; };
		4FFF93F81BFC3AE600FBC737 /* AVKit.framework in Frameworks */ = {isa = PBXBuildFile; fileRef = 4FC5F5691BF10BE50000642F /* AVKit.framework */; };
		4FFF93F91BFC3AE600FBC737 /* CoreBluetooth.framework in Frameworks */ = {isa = PBXBuildFile; fileRef = 4FC5F56A1BF10BE50000642F /* CoreBluetooth.framework */; };
		4FFF93FA1BFC3AE600FBC737 /* CoreData.framework in Frameworks */ = {isa = PBXBuildFile; fileRef = 4FC5F56B1BF10BE50000642F /* CoreData.framework */; };
		4FFF93FB1BFC3AF800FBC737 /* CoreImage.framework in Frameworks */ = {isa = PBXBuildFile; fileRef = 4FC5F56C1BF10BE50000642F /* CoreImage.framework */; };
		4FFF93FC1BFC3AF800FBC737 /* CoreLocation.framework in Frameworks */ = {isa = PBXBuildFile; fileRef = 4FC5F56D1BF10BE50000642F /* CoreLocation.framework */; };
		4FFF93FD1BFC3AF800FBC737 /* GLKit.framework in Frameworks */ = {isa = PBXBuildFile; fileRef = 4FC5F56E1BF10BE50000642F /* GLKit.framework */; };
		4FFF93FE1BFC3B2300FBC737 /* ImageIO.framework in Frameworks */ = {isa = PBXBuildFile; fileRef = 4FC5F56F1BF10BE50000642F /* ImageIO.framework */; };
		4FFF93FF1BFC3B2300FBC737 /* libarchive.tbd in Frameworks */ = {isa = PBXBuildFile; fileRef = 4FC5F5701BF10BE50000642F /* libarchive.tbd */; };
		4FFF94001BFC3B2300FBC737 /* libc++.tbd in Frameworks */ = {isa = PBXBuildFile; fileRef = 4FC5F5711BF10BE50000642F /* libc++.tbd */; };
		4FFF94011BFC3B5200FBC737 /* libz.tbd in Frameworks */ = {isa = PBXBuildFile; fileRef = 4FC5F5731BF10BE50000642F /* libz.tbd */; };
		4FFF94021BFC3B5200FBC737 /* OpenGLES.framework in Frameworks */ = {isa = PBXBuildFile; fileRef = 4FC5F5741BF10BE50000642F /* OpenGLES.framework */; };
		4FFF94031BFC3B7B00FBC737 /* libicucore.tbd in Frameworks */ = {isa = PBXBuildFile; fileRef = 4FC5F5721BF10BE50000642F /* libicucore.tbd */; };
		4FFF94041BFC3B9300FBC737 /* QuartzCore.framework in Frameworks */ = {isa = PBXBuildFile; fileRef = 4FC5F5751BF10BE50000642F /* QuartzCore.framework */; };
		4FFF94051BFC3B9300FBC737 /* Security.framework in Frameworks */ = {isa = PBXBuildFile; fileRef = 4FC5F5761BF10BE50000642F /* Security.framework */; };
		4FFF94061BFC3B9300FBC737 /* SystemConfiguration.framework in Frameworks */ = {isa = PBXBuildFile; fileRef = 4FC5F5771BF10BE50000642F /* SystemConfiguration.framework */; };
		4FFF944B1BFC569200FBC737 /* ViewControllerTests.m in Sources */ = {isa = PBXBuildFile; fileRef = 4F39769B1BFC1DA1006120B5 /* ViewControllerTests.m */; };
		4FFF944C1BFC57C300FBC737 /* SearchNearbyPlacesTests.m in Sources */ = {isa = PBXBuildFile; fileRef = 4FC5F5561BF10AFE0000642F /* SearchNearbyPlacesTests.m */; };
/* End PBXBuildFile section */

/* Begin PBXContainerItemProxy section */
		4FC5F5531BF10AFE0000642F /* PBXContainerItemProxy */ = {
			isa = PBXContainerItemProxy;
			containerPortal = 4FC5F5311BF10AFE0000642F /* Project object */;
			proxyType = 1;
			remoteGlobalIDString = 4FC5F5381BF10AFE0000642F;
			remoteInfo = SearchNearbyPlaces;
		};
/* End PBXContainerItemProxy section */

/* Begin PBXFileReference section */
		4F39769B1BFC1DA1006120B5 /* ViewControllerTests.m */ = {isa = PBXFileReference; fileEncoding = 4; lastKnownFileType = sourcecode.c.objc; path = ViewControllerTests.m; sourceTree = "<group>"; };
		4F39769E1BFC266B006120B5 /* GoogleMaps */ = {isa = PBXFileReference; lastKnownFileType = archive.ar; name = GoogleMaps; path = GoogleMaps.framework/Versions/A/GoogleMaps; sourceTree = "<group>"; };
		4FC5F5391BF10AFE0000642F /* SearchNearbyPlaces.app */ = {isa = PBXFileReference; explicitFileType = wrapper.application; includeInIndex = 0; path = SearchNearbyPlaces.app; sourceTree = BUILT_PRODUCTS_DIR; };
		4FC5F53D1BF10AFE0000642F /* main.m */ = {isa = PBXFileReference; lastKnownFileType = sourcecode.c.objc; path = main.m; sourceTree = "<group>"; };
		4FC5F53F1BF10AFE0000642F /* AppDelegate.h */ = {isa = PBXFileReference; lastKnownFileType = sourcecode.c.h; path = AppDelegate.h; sourceTree = "<group>"; };
		4FC5F5401BF10AFE0000642F /* AppDelegate.m */ = {isa = PBXFileReference; lastKnownFileType = sourcecode.c.objc; path = AppDelegate.m; sourceTree = "<group>"; };
		4FC5F5421BF10AFE0000642F /* ViewController.h */ = {isa = PBXFileReference; lastKnownFileType = sourcecode.c.h; path = ViewController.h; sourceTree = "<group>"; };
		4FC5F5431BF10AFE0000642F /* ViewController.m */ = {isa = PBXFileReference; lastKnownFileType = sourcecode.c.objc; path = ViewController.m; sourceTree = "<group>"; };
		4FC5F5461BF10AFE0000642F /* Base */ = {isa = PBXFileReference; lastKnownFileType = file.storyboard; name = Base; path = Base.lproj/Main.storyboard; sourceTree = "<group>"; };
		4FC5F5481BF10AFE0000642F /* Assets.xcassets */ = {isa = PBXFileReference; lastKnownFileType = folder.assetcatalog; path = Assets.xcassets; sourceTree = "<group>"; };
		4FC5F54B1BF10AFE0000642F /* Base */ = {isa = PBXFileReference; lastKnownFileType = file.storyboard; name = Base; path = Base.lproj/LaunchScreen.storyboard; sourceTree = "<group>"; };
		4FC5F54D1BF10AFE0000642F /* Info.plist */ = {isa = PBXFileReference; lastKnownFileType = text.plist.xml; path = Info.plist; sourceTree = "<group>"; };
		4FC5F5521BF10AFE0000642F /* SearchNearbyPlacesTests.xctest */ = {isa = PBXFileReference; explicitFileType = wrapper.cfbundle; includeInIndex = 0; path = SearchNearbyPlacesTests.xctest; sourceTree = BUILT_PRODUCTS_DIR; };
		4FC5F5561BF10AFE0000642F /* SearchNearbyPlacesTests.m */ = {isa = PBXFileReference; lastKnownFileType = sourcecode.c.objc; path = SearchNearbyPlacesTests.m; sourceTree = "<group>"; };
		4FC5F5581BF10AFE0000642F /* Info.plist */ = {isa = PBXFileReference; lastKnownFileType = text.plist.xml; path = Info.plist; sourceTree = "<group>"; };
		4FC5F5611BF10B4D0000642F /* GooglePlaceObject.h */ = {isa = PBXFileReference; fileEncoding = 4; lastKnownFileType = sourcecode.c.h; path = GooglePlaceObject.h; sourceTree = "<group>"; };
		4FC5F5621BF10B4D0000642F /* GooglePlaceObject.m */ = {isa = PBXFileReference; fileEncoding = 4; lastKnownFileType = sourcecode.c.objc; path = GooglePlaceObject.m; sourceTree = "<group>"; };
		4FC5F5641BF10B590000642F /* GoogleMaps.framework */ = {isa = PBXFileReference; lastKnownFileType = wrapper.framework; path = GoogleMaps.framework; sourceTree = "<group>"; };
		4FC5F5661BF10B690000642F /* GoogleMaps.bundle */ = {isa = PBXFileReference; lastKnownFileType = "wrapper.plug-in"; name = GoogleMaps.bundle; path = GoogleMaps.framework/Versions/A/Resources/GoogleMaps.bundle; sourceTree = "<group>"; };
		4FC5F5681BF10BE50000642F /* Accelerate.framework */ = {isa = PBXFileReference; lastKnownFileType = wrapper.framework; name = Accelerate.framework; path = System/Library/Frameworks/Accelerate.framework; sourceTree = SDKROOT; };
		4FC5F5691BF10BE50000642F /* AVKit.framework */ = {isa = PBXFileReference; lastKnownFileType = wrapper.framework; name = AVKit.framework; path = System/Library/Frameworks/AVKit.framework; sourceTree = SDKROOT; };
		4FC5F56A1BF10BE50000642F /* CoreBluetooth.framework */ = {isa = PBXFileReference; lastKnownFileType = wrapper.framework; name = CoreBluetooth.framework; path = System/Library/Frameworks/CoreBluetooth.framework; sourceTree = SDKROOT; };
		4FC5F56B1BF10BE50000642F /* CoreData.framework */ = {isa = PBXFileReference; lastKnownFileType = wrapper.framework; name = CoreData.framework; path = System/Library/Frameworks/CoreData.framework; sourceTree = SDKROOT; };
		4FC5F56C1BF10BE50000642F /* CoreImage.framework */ = {isa = PBXFileReference; lastKnownFileType = wrapper.framework; name = CoreImage.framework; path = System/Library/Frameworks/CoreImage.framework; sourceTree = SDKROOT; };
		4FC5F56D1BF10BE50000642F /* CoreLocation.framework */ = {isa = PBXFileReference; lastKnownFileType = wrapper.framework; name = CoreLocation.framework; path = System/Library/Frameworks/CoreLocation.framework; sourceTree = SDKROOT; };
		4FC5F56E1BF10BE50000642F /* GLKit.framework */ = {isa = PBXFileReference; lastKnownFileType = wrapper.framework; name = GLKit.framework; path = System/Library/Frameworks/GLKit.framework; sourceTree = SDKROOT; };
		4FC5F56F1BF10BE50000642F /* ImageIO.framework */ = {isa = PBXFileReference; lastKnownFileType = wrapper.framework; name = ImageIO.framework; path = System/Library/Frameworks/ImageIO.framework; sourceTree = SDKROOT; };
		4FC5F5701BF10BE50000642F /* libarchive.tbd */ = {isa = PBXFileReference; lastKnownFileType = "sourcecode.text-based-dylib-definition"; name = libarchive.tbd; path = usr/lib/libarchive.tbd; sourceTree = SDKROOT; };
		4FC5F5711BF10BE50000642F /* libc++.tbd */ = {isa = PBXFileReference; lastKnownFileType = "sourcecode.text-based-dylib-definition"; name = "libc++.tbd"; path = "usr/lib/libc++.tbd"; sourceTree = SDKROOT; };
		4FC5F5721BF10BE50000642F /* libicucore.tbd */ = {isa = PBXFileReference; lastKnownFileType = "sourcecode.text-based-dylib-definition"; name = libicucore.tbd; path = usr/lib/libicucore.tbd; sourceTree = SDKROOT; };
		4FC5F5731BF10BE50000642F /* libz.tbd */ = {isa = PBXFileReference; lastKnownFileType = "sourcecode.text-based-dylib-definition"; name = libz.tbd; path = usr/lib/libz.tbd; sourceTree = SDKROOT; };
		4FC5F5741BF10BE50000642F /* OpenGLES.framework */ = {isa = PBXFileReference; lastKnownFileType = wrapper.framework; name = OpenGLES.framework; path = System/Library/Frameworks/OpenGLES.framework; sourceTree = SDKROOT; };
		4FC5F5751BF10BE50000642F /* QuartzCore.framework */ = {isa = PBXFileReference; lastKnownFileType = wrapper.framework; name = QuartzCore.framework; path = System/Library/Frameworks/QuartzCore.framework; sourceTree = SDKROOT; };
		4FC5F5761BF10BE50000642F /* Security.framework */ = {isa = PBXFileReference; lastKnownFileType = wrapper.framework; name = Security.framework; path = System/Library/Frameworks/Security.framework; sourceTree = SDKROOT; };
		4FC5F5771BF10BE50000642F /* SystemConfiguration.framework */ = {isa = PBXFileReference; lastKnownFileType = wrapper.framework; name = SystemConfiguration.framework; path = System/Library/Frameworks/SystemConfiguration.framework; sourceTree = SDKROOT; };
		4FC5F5891BF10CAE0000642F /* AppKey.h */ = {isa = PBXFileReference; lastKnownFileType = sourcecode.c.h; path = AppKey.h; sourceTree = "<group>"; };
		4FC5F58D1BF1A3F50000642F /* PlaceDetailController.h */ = {isa = PBXFileReference; fileEncoding = 4; lastKnownFileType = sourcecode.c.h; path = PlaceDetailController.h; sourceTree = "<group>"; };
		4FC5F58E1BF1A3F50000642F /* PlaceDetailController.m */ = {isa = PBXFileReference; fileEncoding = 4; lastKnownFileType = sourcecode.c.objc; path = PlaceDetailController.m; sourceTree = "<group>"; };
/* End PBXFileReference section */

/* Begin PBXFrameworksBuildPhase section */
		4FC5F5361BF10AFE0000642F /* Frameworks */ = {
			isa = PBXFrameworksBuildPhase;
			buildActionMask = 2147483647;
			files = (
				4FC5F5781BF10BE50000642F /* Accelerate.framework in Frameworks */,
				4FC5F5791BF10BE50000642F /* AVKit.framework in Frameworks */,
				4FC5F57A1BF10BE50000642F /* CoreBluetooth.framework in Frameworks */,
				4FC5F57B1BF10BE50000642F /* CoreData.framework in Frameworks */,
				4FC5F57C1BF10BE50000642F /* CoreImage.framework in Frameworks */,
				4FC5F57D1BF10BE50000642F /* CoreLocation.framework in Frameworks */,
				4FC5F57E1BF10BE50000642F /* GLKit.framework in Frameworks */,
				4FC5F57F1BF10BE50000642F /* ImageIO.framework in Frameworks */,
				4FC5F5801BF10BE50000642F /* libarchive.tbd in Frameworks */,
				4FC5F5811BF10BE50000642F /* libc++.tbd in Frameworks */,
				4FC5F5821BF10BE50000642F /* libicucore.tbd in Frameworks */,
				4FC5F5831BF10BE50000642F /* libz.tbd in Frameworks */,
				4FC5F5841BF10BE50000642F /* OpenGLES.framework in Frameworks */,
				4FC5F5851BF10BE50000642F /* QuartzCore.framework in Frameworks */,
				4FC5F5861BF10BE50000642F /* Security.framework in Frameworks */,
				4FC5F5871BF10BE50000642F /* SystemConfiguration.framework in Frameworks */,
				4FC5F5651BF10B590000642F /* GoogleMaps.framework in Frameworks */,
			);
			runOnlyForDeploymentPostprocessing = 0;
		};
		4FC5F54F1BF10AFE0000642F /* Frameworks */ = {
			isa = PBXFrameworksBuildPhase;
			buildActionMask = 2147483647;
			files = (
				4FFF94041BFC3B9300FBC737 /* QuartzCore.framework in Frameworks */,
				4FFF94051BFC3B9300FBC737 /* Security.framework in Frameworks */,
				4FFF94061BFC3B9300FBC737 /* SystemConfiguration.framework in Frameworks */,
				4FFF94031BFC3B7B00FBC737 /* libicucore.tbd in Frameworks */,
				4FFF94011BFC3B5200FBC737 /* libz.tbd in Frameworks */,
				4FFF94021BFC3B5200FBC737 /* OpenGLES.framework in Frameworks */,
				4FFF93FE1BFC3B2300FBC737 /* ImageIO.framework in Frameworks */,
				4FFF93FF1BFC3B2300FBC737 /* libarchive.tbd in Frameworks */,
				4FFF94001BFC3B2300FBC737 /* libc++.tbd in Frameworks */,
				4FFF93FB1BFC3AF800FBC737 /* CoreImage.framework in Frameworks */,
				4FFF93FC1BFC3AF800FBC737 /* CoreLocation.framework in Frameworks */,
				4FFF93FD1BFC3AF800FBC737 /* GLKit.framework in Frameworks */,
				4FFF93F71BFC3AE600FBC737 /* Accelerate.framework in Frameworks */,
				4FFF93F81BFC3AE600FBC737 /* AVKit.framework in Frameworks */,
				4FFF93F91BFC3AE600FBC737 /* CoreBluetooth.framework in Frameworks */,
				4FFF93FA1BFC3AE600FBC737 /* CoreData.framework in Frameworks */,
			);
			runOnlyForDeploymentPostprocessing = 0;
		};
/* End PBXFrameworksBuildPhase section */

/* Begin PBXGroup section */
		4FC5F5301BF10AFE0000642F = {
			isa = PBXGroup;
			children = (
				4FC5F5881BF10BEE0000642F /* Frameworks */,
				4FC5F53B1BF10AFE0000642F /* SearchNearbyPlaces */,
				4FC5F5551BF10AFE0000642F /* SearchNearbyPlacesTests */,
				4FC5F53A1BF10AFE0000642F /* Products */,
			);
			sourceTree = "<group>";
		};
		4FC5F53A1BF10AFE0000642F /* Products */ = {
			isa = PBXGroup;
			children = (
				4FC5F5391BF10AFE0000642F /* SearchNearbyPlaces.app */,
				4FC5F5521BF10AFE0000642F /* SearchNearbyPlacesTests.xctest */,
			);
			name = Products;
			sourceTree = "<group>";
		};
		4FC5F53B1BF10AFE0000642F /* SearchNearbyPlaces */ = {
			isa = PBXGroup;
			children = (
				4FC5F58D1BF1A3F50000642F /* PlaceDetailController.h */,
				4FC5F58E1BF1A3F50000642F /* PlaceDetailController.m */,
				4FC5F53F1BF10AFE0000642F /* AppDelegate.h */,
				4FC5F5401BF10AFE0000642F /* AppDelegate.m */,
				4FC5F5611BF10B4D0000642F /* GooglePlaceObject.h */,
				4FC5F5621BF10B4D0000642F /* GooglePlaceObject.m */,
				4FC5F5421BF10AFE0000642F /* ViewController.h */,
				4FC5F5431BF10AFE0000642F /* ViewController.m */,
				4FC5F5451BF10AFE0000642F /* Main.storyboard */,
				4FC5F5481BF10AFE0000642F /* Assets.xcassets */,
				4FC5F54A1BF10AFE0000642F /* LaunchScreen.storyboard */,
				4FC5F54D1BF10AFE0000642F /* Info.plist */,
				4FC5F53C1BF10AFE0000642F /* Supporting Files */,
			);
			path = SearchNearbyPlaces;
			sourceTree = "<group>";
		};
		4FC5F53C1BF10AFE0000642F /* Supporting Files */ = {
			isa = PBXGroup;
			children = (
				4FC5F5891BF10CAE0000642F /* AppKey.h */,
				4FC5F53D1BF10AFE0000642F /* main.m */,
			);
			name = "Supporting Files";
			sourceTree = "<group>";
		};
		4FC5F5551BF10AFE0000642F /* SearchNearbyPlacesTests */ = {
			isa = PBXGroup;
			children = (
				4FC5F5561BF10AFE0000642F /* SearchNearbyPlacesTests.m */,
				4FC5F5581BF10AFE0000642F /* Info.plist */,
				4F39769B1BFC1DA1006120B5 /* ViewControllerTests.m */,
			);
			path = SearchNearbyPlacesTests;
			sourceTree = "<group>";
		};
		4FC5F5881BF10BEE0000642F /* Frameworks */ = {
			isa = PBXGroup;
			children = (
				4F39769E1BFC266B006120B5 /* GoogleMaps */,
				4FC5F5681BF10BE50000642F /* Accelerate.framework */,
				4FC5F5691BF10BE50000642F /* AVKit.framework */,
				4FC5F56A1BF10BE50000642F /* CoreBluetooth.framework */,
				4FC5F56B1BF10BE50000642F /* CoreData.framework */,
				4FC5F56C1BF10BE50000642F /* CoreImage.framework */,
				4FC5F56D1BF10BE50000642F /* CoreLocation.framework */,
				4FC5F56E1BF10BE50000642F /* GLKit.framework */,
				4FC5F56F1BF10BE50000642F /* ImageIO.framework */,
				4FC5F5701BF10BE50000642F /* libarchive.tbd */,
				4FC5F5711BF10BE50000642F /* libc++.tbd */,
				4FC5F5721BF10BE50000642F /* libicucore.tbd */,
				4FC5F5731BF10BE50000642F /* libz.tbd */,
				4FC5F5741BF10BE50000642F /* OpenGLES.framework */,
				4FC5F5751BF10BE50000642F /* QuartzCore.framework */,
				4FC5F5761BF10BE50000642F /* Security.framework */,
				4FC5F5771BF10BE50000642F /* SystemConfiguration.framework */,
				4FC5F5661BF10B690000642F /* GoogleMaps.bundle */,
				4FC5F5641BF10B590000642F /* GoogleMaps.framework */,
			);
			name = Frameworks;
			sourceTree = "<group>";
		};
/* End PBXGroup section */

/* Begin PBXNativeTarget section */
		4FC5F5381BF10AFE0000642F /* SearchNearbyPlaces */ = {
			isa = PBXNativeTarget;
			buildConfigurationList = 4FC5F55B1BF10AFE0000642F /* Build configuration list for PBXNativeTarget "SearchNearbyPlaces" */;
			buildPhases = (
				4FC5F5351BF10AFE0000642F /* Sources */,
				4FC5F5361BF10AFE0000642F /* Frameworks */,
				4FC5F5371BF10AFE0000642F /* Resources */,
			);
			buildRules = (
			);
			dependencies = (
			);
			name = SearchNearbyPlaces;
			productName = SearchNearbyPlaces;
			productReference = 4FC5F5391BF10AFE0000642F /* SearchNearbyPlaces.app */;
			productType = "com.apple.product-type.application";
		};
		4FC5F5511BF10AFE0000642F /* SearchNearbyPlacesTests */ = {
			isa = PBXNativeTarget;
			buildConfigurationList = 4FC5F55E1BF10AFE0000642F /* Build configuration list for PBXNativeTarget "SearchNearbyPlacesTests" */;
			buildPhases = (
				4FC5F54E1BF10AFE0000642F /* Sources */,
				4FC5F54F1BF10AFE0000642F /* Frameworks */,
				4FC5F5501BF10AFE0000642F /* Resources */,
			);
			buildRules = (
			);
			dependencies = (
				4FC5F5541BF10AFE0000642F /* PBXTargetDependency */,
			);
			name = SearchNearbyPlacesTests;
			productName = SearchNearbyPlacesTests;
			productReference = 4FC5F5521BF10AFE0000642F /* SearchNearbyPlacesTests.xctest */;
			productType = "com.apple.product-type.bundle.unit-test";
		};
/* End PBXNativeTarget section */

/* Begin PBXProject section */
		4FC5F5311BF10AFE0000642F /* Project object */ = {
			isa = PBXProject;
			attributes = {
				LastUpgradeCheck = 0710;
				ORGANIZATIONNAME = HYUBYN;
				TargetAttributes = {
					4FC5F5381BF10AFE0000642F = {
						CreatedOnToolsVersion = 7.1;
						DevelopmentTeam = YWVGA7ADES;
					};
					4FC5F5511BF10AFE0000642F = {
						CreatedOnToolsVersion = 7.1;
						DevelopmentTeam = YWVGA7ADES;
						TestTargetID = 4FC5F5381BF10AFE0000642F;
					};
				};
			};
			buildConfigurationList = 4FC5F5341BF10AFE0000642F /* Build configuration list for PBXProject "SearchNearbyPlaces" */;
			compatibilityVersion = "Xcode 3.2";
			developmentRegion = English;
			hasScannedForEncodings = 0;
			knownRegions = (
				en,
				Base,
			);
			mainGroup = 4FC5F5301BF10AFE0000642F;
			productRefGroup = 4FC5F53A1BF10AFE0000642F /* Products */;
			projectDirPath = "";
			projectRoot = "";
			targets = (
				4FC5F5381BF10AFE0000642F /* SearchNearbyPlaces */,
				4FC5F5511BF10AFE0000642F /* SearchNearbyPlacesTests */,
			);
		};
/* End PBXProject section */

/* Begin PBXResourcesBuildPhase section */
		4FC5F5371BF10AFE0000642F /* Resources */ = {
			isa = PBXResourcesBuildPhase;
			buildActionMask = 2147483647;
			files = (
				4FC5F54C1BF10AFE0000642F /* LaunchScreen.storyboard in Resources */,
				4FC5F5491BF10AFE0000642F /* Assets.xcassets in Resources */,
				4FC5F5471BF10AFE0000642F /* Main.storyboard in Resources */,
				4FC5F5671BF10B690000642F /* GoogleMaps.bundle in Resources */,
			);
			runOnlyForDeploymentPostprocessing = 0;
		};
		4FC5F5501BF10AFE0000642F /* Resources */ = {
			isa = PBXResourcesBuildPhase;
			buildActionMask = 2147483647;
			files = (
				4F3976B11BFC26CA006120B5 /* GoogleMaps.bundle in Resources */,
			);
			runOnlyForDeploymentPostprocessing = 0;
		};
/* End PBXResourcesBuildPhase section */

/* Begin PBXSourcesBuildPhase section */
		4FC5F5351BF10AFE0000642F /* Sources */ = {
			isa = PBXSourcesBuildPhase;
			buildActionMask = 2147483647;
			files = (
				4F39767C1BFB8BAD006120B5 /* AppDelegate.m in Sources */,
				4FC5F5921BF1E7440000642F /* main.m in Sources */,
				4FC5F5911BF1E73F0000642F /* PlaceDetailController.m in Sources */,
				4FC5F5901BF1E7340000642F /* GooglePlaceObject.m in Sources */,
				4FC5F5441BF10AFE0000642F /* ViewController.m in Sources */,
			);
			runOnlyForDeploymentPostprocessing = 0;
		};
		4FC5F54E1BF10AFE0000642F /* Sources */ = {
			isa = PBXSourcesBuildPhase;
			buildActionMask = 2147483647;
			files = (
				4FFF944C1BFC57C300FBC737 /* SearchNearbyPlacesTests.m in Sources */,
				4FFF944B1BFC569200FBC737 /* ViewControllerTests.m in Sources */,
			);
			runOnlyForDeploymentPostprocessing = 0;
		};
/* End PBXSourcesBuildPhase section */

/* Begin PBXTargetDependency section */
		4FC5F5541BF10AFE0000642F /* PBXTargetDependency */ = {
			isa = PBXTargetDependency;
			target = 4FC5F5381BF10AFE0000642F /* SearchNearbyPlaces */;
			targetProxy = 4FC5F5531BF10AFE0000642F /* PBXContainerItemProxy */;
		};
/* End PBXTargetDependency section */

/* Begin PBXVariantGroup section */
		4FC5F5451BF10AFE0000642F /* Main.storyboard */ = {
			isa = PBXVariantGroup;
			children = (
				4FC5F5461BF10AFE0000642F /* Base */,
			);
			name = Main.storyboard;
			sourceTree = "<group>";
		};
		4FC5F54A1BF10AFE0000642F /* LaunchScreen.storyboard */ = {
			isa = PBXVariantGroup;
			children = (
				4FC5F54B1BF10AFE0000642F /* Base */,
			);
			name = LaunchScreen.storyboard;
			sourceTree = "<group>";
		};
/* End PBXVariantGroup section */

/* Begin XCBuildConfiguration section */
		4FC5F5591BF10AFE0000642F /* Debug */ = {
			isa = XCBuildConfiguration;
			buildSettings = {
				ALWAYS_SEARCH_USER_PATHS = NO;
				CLANG_CXX_LANGUAGE_STANDARD = "gnu++0x";
				CLANG_CXX_LIBRARY = "libc++";
				CLANG_ENABLE_MODULES = YES;
				CLANG_ENABLE_OBJC_ARC = YES;
				CLANG_WARN_BOOL_CONVERSION = YES;
				CLANG_WARN_CONSTANT_CONVERSION = YES;
				CLANG_WARN_DIRECT_OBJC_ISA_USAGE = YES_ERROR;
				CLANG_WARN_EMPTY_BODY = YES;
				CLANG_WARN_ENUM_CONVERSION = YES;
				CLANG_WARN_INT_CONVERSION = YES;
				CLANG_WARN_OBJC_ROOT_CLASS = YES_ERROR;
				CLANG_WARN_UNREACHABLE_CODE = YES;
				CLANG_WARN__DUPLICATE_METHOD_MATCH = YES;
				"CODE_SIGN_IDENTITY[sdk=iphoneos*]" = "iPhone Developer";
				COPY_PHASE_STRIP = NO;
				DEBUG_INFORMATION_FORMAT = dwarf;
				ENABLE_STRICT_OBJC_MSGSEND = YES;
				ENABLE_TESTABILITY = YES;
				GCC_C_LANGUAGE_STANDARD = gnu99;
				GCC_DYNAMIC_NO_PIC = NO;
				GCC_NO_COMMON_BLOCKS = YES;
				GCC_OPTIMIZATION_LEVEL = 0;
				GCC_PREPROCESSOR_DEFINITIONS = (
					"DEBUG=1",
					"$(inherited)",
				);
				GCC_WARN_64_TO_32_BIT_CONVERSION = YES;
				GCC_WARN_ABOUT_RETURN_TYPE = YES_ERROR;
				GCC_WARN_UNDECLARED_SELECTOR = YES;
				GCC_WARN_UNINITIALIZED_AUTOS = YES_AGGRESSIVE;
				GCC_WARN_UNUSED_FUNCTION = YES;
				GCC_WARN_UNUSED_VARIABLE = YES;
				IPHONEOS_DEPLOYMENT_TARGET = 9.1;
				MTL_ENABLE_DEBUG_INFO = YES;
				ONLY_ACTIVE_ARCH = YES;
				SDKROOT = iphoneos;
				TARGETED_DEVICE_FAMILY = "1,2";
				VALID_ARCHS = "arn64 armv7 armv7s";
			};
			name = Debug;
		};
		4FC5F55A1BF10AFE0000642F /* Release */ = {
			isa = XCBuildConfiguration;
			buildSettings = {
				ALWAYS_SEARCH_USER_PATHS = NO;
				CLANG_CXX_LANGUAGE_STANDARD = "gnu++0x";
				CLANG_CXX_LIBRARY = "libc++";
				CLANG_ENABLE_MODULES = YES;
				CLANG_ENABLE_OBJC_ARC = YES;
				CLANG_WARN_BOOL_CONVERSION = YES;
				CLANG_WARN_CONSTANT_CONVERSION = YES;
				CLANG_WARN_DIRECT_OBJC_ISA_USAGE = YES_ERROR;
				CLANG_WARN_EMPTY_BODY = YES;
				CLANG_WARN_ENUM_CONVERSION = YES;
				CLANG_WARN_INT_CONVERSION = YES;
				CLANG_WARN_OBJC_ROOT_CLASS = YES_ERROR;
				CLANG_WARN_UNREACHABLE_CODE = YES;
				CLANG_WARN__DUPLICATE_METHOD_MATCH = YES;
				"CODE_SIGN_IDENTITY[sdk=iphoneos*]" = "iPhone Developer";
				COPY_PHASE_STRIP = NO;
				DEBUG_INFORMATION_FORMAT = "dwarf-with-dsym";
				ENABLE_NS_ASSERTIONS = NO;
				ENABLE_STRICT_OBJC_MSGSEND = YES;
				GCC_C_LANGUAGE_STANDARD = gnu99;
				GCC_NO_COMMON_BLOCKS = YES;
				GCC_WARN_64_TO_32_BIT_CONVERSION = YES;
				GCC_WARN_ABOUT_RETURN_TYPE = YES_ERROR;
				GCC_WARN_UNDECLARED_SELECTOR = YES;
				GCC_WARN_UNINITIALIZED_AUTOS = YES_AGGRESSIVE;
				GCC_WARN_UNUSED_FUNCTION = YES;
				GCC_WARN_UNUSED_VARIABLE = YES;
				IPHONEOS_DEPLOYMENT_TARGET = 9.1;
				MTL_ENABLE_DEBUG_INFO = NO;
				SDKROOT = iphoneos;
				TARGETED_DEVICE_FAMILY = "1,2";
				VALIDATE_PRODUCT = YES;
				VALID_ARCHS = "arn64 armv7 armv7s";
			};
			name = Release;
		};
		4FC5F55C1BF10AFE0000642F /* Debug */ = {
			isa = XCBuildConfiguration;
			buildSettings = {
				ARCHS = "$(ARCHS_STANDARD)";
				ASSETCATALOG_COMPILER_APPICON_NAME = AppIcon;
				ENABLE_BITCODE = NO;
				FRAMEWORK_SEARCH_PATHS = (
					"$(inherited)",
					"$(PROJECT_DIR)",
				);
				INFOPLIST_FILE = SearchNearbyPlaces/Info.plist;
				IPHONEOS_DEPLOYMENT_TARGET = 7.1;
				LD_RUNPATH_SEARCH_PATHS = "$(inherited) @executable_path/Frameworks";
				ONLY_ACTIVE_ARCH = YES;
				OTHER_LDFLAGS = (
					"-ObjC",
					"$(inherited)",
				);
				PRODUCT_BUNDLE_IDENTIFIER = com.hyubyn.SearchNearbyPlaces;
				PRODUCT_NAME = "$(TARGET_NAME)";
				SDKROOT = iphoneos9.1;
				VALID_ARCHS = "armv7 armv7s";
			};
			name = Debug;
		};
		4FC5F55D1BF10AFE0000642F /* Release */ = {
			isa = XCBuildConfiguration;
			buildSettings = {
				ARCHS = "$(ARCHS_STANDARD)";
				ASSETCATALOG_COMPILER_APPICON_NAME = AppIcon;
				ENABLE_BITCODE = NO;
				FRAMEWORK_SEARCH_PATHS = (
					"$(inherited)",
					"$(PROJECT_DIR)",
				);
				INFOPLIST_FILE = SearchNearbyPlaces/Info.plist;
				IPHONEOS_DEPLOYMENT_TARGET = 7.1;
				LD_RUNPATH_SEARCH_PATHS = "$(inherited) @executable_path/Frameworks";
				ONLY_ACTIVE_ARCH = NO;
				OTHER_LDFLAGS = (
					"-ObjC",
					"$(inherited)",
				);
				PRODUCT_BUNDLE_IDENTIFIER = com.hyubyn.SearchNearbyPlaces;
				PRODUCT_NAME = "$(TARGET_NAME)";
				SDKROOT = iphoneos9.1;
				VALID_ARCHS = "armv7 armv7s";
			};
			name = Release;
		};
		4FC5F55F1BF10AFE0000642F /* Debug */ = {
			isa = XCBuildConfiguration;
			buildSettings = {
				ARCHS = "$(ARCHS_STANDARD)";
				BUNDLE_LOADER = "$(TEST_HOST)";
				FRAMEWORK_SEARCH_PATHS = (
					"$(inherited)",
					"$(PROJECT_DIR)",
				);
				GCC_PREPROCESSOR_DEFINITIONS = (
					"$(inherited)",
					RUN_KIF_TESTS,
				);
				HEADER_SEARCH_PATHS = (
					"$(inherited)",
					"$(SRCROOT)/KIF-master/KIF/**",
				);
				INFOPLIST_FILE = SearchNearbyPlacesTests/Info.plist;
				LD_RUNPATH_SEARCH_PATHS = "$(inherited) @executable_path/Frameworks @loader_path/Frameworks";
				LIBRARY_SEARCH_PATHS = (
					"$(inherited)",
					"$(PROJECT_DIR)/GoogleMaps.framework/Versions/A",
				);
				ONLY_ACTIVE_ARCH = YES;
				OTHER_LDFLAGS = (
					"-all_load",
					"-ObjC",
				);
				PRODUCT_BUNDLE_IDENTIFIER = com.hyubyn.SearchNearbyPlacesTests;
				PRODUCT_NAME = "$(TARGET_NAME)";
				TEST_HOST = "$(BUILT_PRODUCTS_DIR)/SearchNearbyPlaces.app/SearchNearbyPlaces";
				VALID_ARCHS = "arm64 armv7 armv7s";
			};
			name = Debug;
		};
		4FC5F5601BF10AFE0000642F /* Release */ = {
			isa = XCBuildConfiguration;
			buildSettings = {
				ARCHS = "$(ARCHS_STANDARD)";
				BUNDLE_LOADER = "$(TEST_HOST)";
				FRAMEWORK_SEARCH_PATHS = (
					"$(inherited)",
					"$(PROJECT_DIR)",
				);
				GCC_PREPROCESSOR_DEFINITIONS = (
					"$(inherited)",
					RUN_KIF_TESTS,
				);
				HEADER_SEARCH_PATHS = (
					"$(inherited)",
					"$(SRCROOT)/KIF-master/KIF/**",
				);
				INFOPLIST_FILE = SearchNearbyPlacesTests/Info.plist;
				LD_RUNPATH_SEARCH_PATHS = "$(inherited) @executable_path/Frameworks @loader_path/Frameworks";
				LIBRARY_SEARCH_PATHS = (
					"$(inherited)",
					"$(PROJECT_DIR)/GoogleMaps.framework/Versions/A",
				);
				ONLY_ACTIVE_ARCH = NO;
				OTHER_LDFLAGS = (
					"-all_load",
					"-ObjC",
				);
				PRODUCT_BUNDLE_IDENTIFIER = com.hyubyn.SearchNearbyPlacesTests;
				PRODUCT_NAME = "$(TARGET_NAME)";
				TEST_HOST = "$(BUILT_PRODUCTS_DIR)/SearchNearbyPlaces.app/SearchNearbyPlaces";
				VALID_ARCHS = "arm64 armv7 armv7s";
			};
			name = Release;
		};
/* End XCBuildConfiguration section */

/* Begin XCConfigurationList section */
		4FC5F5341BF10AFE0000642F /* Build configuration list for PBXProject "SearchNearbyPlaces" */ = {
			isa = XCConfigurationList;
			buildConfigurations = (
				4FC5F5591BF10AFE0000642F /* Debug */,
				4FC5F55A1BF10AFE0000642F /* Release */,
			);
			defaultConfigurationIsVisible = 0;
			defaultConfigurationName = Release;
		};
		4FC5F55B1BF10AFE0000642F /* Build configuration list for PBXNativeTarget "SearchNearbyPlaces" */ = {
			isa = XCConfigurationList;
			buildConfigurations = (
				4FC5F55C1BF10AFE0000642F /* Debug */,
				4FC5F55D1BF10AFE0000642F /* Release */,
			);
			defaultConfigurationIsVisible = 0;
			defaultConfigurationName = Release;
		};
		4FC5F55E1BF10AFE0000642F /* Build configuration list for PBXNativeTarget "SearchNearbyPlacesTests" */ = {
			isa = XCConfigurationList;
			buildConfigurations = (
				4FC5F55F1BF10AFE0000642F /* Debug */,
				4FC5F5601BF10AFE0000642F /* Release */,
			);
			defaultConfigurationIsVisible = 0;
			defaultConfigurationName = Release;
		};
/* End XCConfigurationList section */
	};
	rootObject = 4FC5F5311BF10AFE0000642F /* Project object */;
}
